{
  "name": "www",
  "version": "1.0.0",
  "lockfileVersion": 2,
  "requires": true,
  "packages": {
    "": {
      "name": "www",
      "version": "1.0.0",
      "license": "ISC",
      "dependencies": {
        "@types/node": "^18.11.0",
        "wasm-game-of-life": "file:../pkg"
      }
    },
    "../pkg": {
      "version": "0.1.0"
    },
    "node_modules/@types/node": {
      "version": "18.11.0",
      "resolved": "https://registry.npmjs.org/@types/node/-/node-18.11.0.tgz",
      "integrity": "sha512-IOXCvVRToe7e0ny7HpT/X9Rb2RYtElG1a+VshjwT00HxrM2dWBApHQoqsI6WiY7Q03vdf2bCrIGzVrkF/5t10w=="
    },
    "node_modules/wasm-game-of-life": {
      "resolved": "../pkg",
      "link": true
    }
  },
  "dependencies": {
    "@types/node": {
      "version": "18.11.0",
      "resolved": "https://registry.npmjs.org/@types/node/-/node-18.11.0.tgz",
      "integrity": "sha512-IOXCvVRToe7e0ny7HpT/X9Rb2RYtElG1a+VshjwT00HxrM2dWBApHQoqsI6WiY7Q03vdf2bCrIGzVrkF/5t10w=="
    },
    "wasm-game-of-life": {
      "version": "file:../pkg"
    }
  }
}
